
Microsoft Visual Studio Solution File, Format Version 12.00
# Visual Studio Version 16
VisualStudioVersion = 16.0.32106.194
MinimumVisualStudioVersion = 10.0.40219.1
Project("{FAE04EC0-301F-11D3-BF4B-00C04F79EFBC}") = "NG6_R47", "NG6_R47.csproj", "{8984E925-AE7F-409B-990D-02D5322B1F0B}"
EndProject
Global
	GlobalSection(SolutionConfigurationPlatforms) = preSolution
		Debug|Any CPU = Debug|Any CPU
		Release|Any CPU = Release|Any CPU
	EndGlobalSection
	GlobalSection(ProjectConfigurationPlatforms) = postSolution
		{8984E925-AE7F-409B-990D-02D5322B1F0B}.Debug|Any CPU.ActiveCfg = Debug|Any CPU
		{8984E925-AE7F-409B-990D-02D5322B1F0B}.Debug|Any CPU.Build.0 = Debug|Any CPU
		{8984E925-AE7F-409B-990D-02D5322B1F0B}.Release|Any CPU.ActiveCfg = Release|Any CPU
		{8984E925-AE7F-409B-990D-02D5322B1F0B}.Release|Any CPU.Build.0 = Release|Any CPU
	EndGlobalSection
	GlobalSection(SolutionProperties) = preSolution
		HideSolutionNode = FALSE
	EndGlobalSection
	GlobalSection(ExtensibilityGlobals) = postSolution
		SolutionGuid = {F285BD7E-086B-4B0A-9350-6BAA408E01EA}
	EndGlobalSection
EndGlobal
